
Microsoft Visual Studio Solution File, Format Version 12.00
# Visual Studio Version 17
VisualStudioVersion = 17.5.33516.290
MinimumVisualStudioVersion = 10.0.40219.1
Project("{2150E333-8FDC-42A3-9474-1A3956D46DE8}") = "src", "src", "{037440DE-440B-4129-9F7A-09B42D00397E}"
EndProject
Project("{2150E333-8FDC-42A3-9474-1A3956D46DE8}") = "assets", "assets", "{E9D1B5E1-DEB9-4A04-8BAB-24EC7240ADAF}"
	ProjectSection(SolutionItems) = preProject
		.editorconfig = .editorconfig
		appveyor.yml = appveyor.yml
		Build.ps1 = Build.ps1
		build.sh = build.sh
		README.md = README.md
		assets\Serilog.snk = assets\Serilog.snk
	EndProjectSection
EndProject
Project("{9A19103F-16F7-4668-BE54-9A1E7A4F7556}") = "Serilog.Sinks.ZipFile", "src\Serilog.Sinks.ZipFile\Serilog.Sinks.ZipFile.csproj", "{D10404F9-B133-4762-A6B8-B56AB5A2CBAF}"
EndProject
Global
	GlobalSection(SolutionConfigurationPlatforms) = preSolution
		Debug|Any CPU = Debug|Any CPU
		Release|Any CPU = Release|Any CPU
	EndGlobalSection
	GlobalSection(ProjectConfigurationPlatforms) = postSolution
		{D10404F9-B133-4762-A6B8-B56AB5A2CBAF}.Debug|Any CPU.ActiveCfg = Debug|Any CPU
		{D10404F9-B133-4762-A6B8-B56AB5A2CBAF}.Debug|Any CPU.Build.0 = Debug|Any CPU
		{D10404F9-B133-4762-A6B8-B56AB5A2CBAF}.Release|Any CPU.ActiveCfg = Release|Any CPU
		{D10404F9-B133-4762-A6B8-B56AB5A2CBAF}.Release|Any CPU.Build.0 = Release|Any CPU
	EndGlobalSection
	GlobalSection(SolutionProperties) = preSolution
		HideSolutionNode = FALSE
	EndGlobalSection
	GlobalSection(NestedProjects) = preSolution
		{D10404F9-B133-4762-A6B8-B56AB5A2CBAF} = {037440DE-440B-4129-9F7A-09B42D00397E}
	EndGlobalSection
	GlobalSection(ExtensibilityGlobals) = postSolution
		SolutionGuid = {EA0197B4-FCA8-4DF2-BF34-274FA41333D1}
	EndGlobalSection
EndGlobal
